git.sr.ht/~errnoh/go.hid v0.0.0-20220820104208-b6677a940f59 h1:Ecfrltq1Jj7b0lB7S1emaxG1I8pHUrZSNBGmVk2rGCc=
git.sr.ht/~errnoh/go.hid v0.0.0-20220820104208-b6677a940f59/go.mod h1:uFuMiQLlMrCZxAqsjY9KjVmW1M4JC14xta4C1T2ShMQ=
git.sr.ht/~errnoh/hid.usage v1.3.4 h1:/41UCPk55GpBuEcQSiB1Cv3HD9oR1lvUoOD9k1jnViE=
git.sr.ht/~errnoh/hid.usage v1.3.4/go.mod h1:JR2RHvzfICNyl38hAfRLMu5nDIpNq/jA72ywapDRsMI=
git.sr.ht/~errnoh/overlapped v1.0.3 h1:onYYph3VNxWLZDeLE8c4rvvu7OlQzG20nYvvW+YpFUA=
git.sr.ht/~errnoh/overlapped v1.0.3/go.mod h1:Bi5fcFz68n3KTQL1zK/i1gYZfsxZn4LkVAB/Kzg3nGw=
github.com/disintegration/gift v1.2.1 h1:Y005a1X4Z7Uc+0gLpSAsKhWi4qLtsdEcMIbbdvdZ6pc=
github.com/disintegration/gift v1.2.1/go.mod h1:Jh2i7f7Q2BM7Ezno3PhfezbR1xpUg9dUg3/RlKGr4HI=
golang.org/x/image v0.0.0-20211028202545-6944b10bf410 h1:hTftEOvwiOq2+O8k2D5/Q7COC7k5Qcrgc2TFURJYnvQ=
golang.org/x/image v0.0.0-20211028202545-6944b10bf410/go.mod h1:023OzeP/+EPmXeapQh35lcL3II3LrY8Ic+EFFKVhULM=
golang.org/x/sys v0.0.0-20220702020025-31831981b65f/go.mod h1:oPkhp1MJrh7nUepCBck5+mAzfO9JrbApNNgaTdGDITg=
golang.org/x/sys v0.0.0-20220715151400-c0bba94af5f8 h1:0A+M6Uqn+Eje4kHMK80dtF3JCXC4ykBgQG4Fe06QRhQ=
golang.org/x/sys v0.0.0-20220715151400-c0bba94af5f8/go.mod h1:oPkhp1MJrh7nUepCBck5+mAzfO9JrbApNNgaTdGDITg=
golang.org/x/text v0.3.6/go.mod h1:5Zoc/QRtKVWzQhOtBMvqHzDpF6irO9z98xDceosuGiQ=
golang.org/x/tools v0.0.0-20180917221912-90fa682c2a6e/go.mod h1:n7NCudcB/nEzxVGmLbDWY5pfWTLqBcC2KZ6jyYvM4mQ=
